{
  "name": "database-migration",
  "version": "1.0.0",
  "lockfileVersion": 1,
  "requires": true,
  "dependencies": {
    "bson": {
      "version": "1.1.6",
      "resolved": "https://registry.npmjs.org/bson/-/bson-1.1.6.tgz",
      "integrity": "sha512-EvVNVeGo4tHxwi8L6bPj3y3itEvStdwvvlojVxxbyYfoaxJ6keLgrTuKdyfEAszFK+H3olzBuafE0yoh0D1gdg=="
    },
    "cli-table": {
      "version": "0.3.1",
      "resolved": "https://registry.npmjs.org/cli-table/-/cli-table-0.3.1.tgz",
      "integrity": "sha1-9TsFJmqLGguTSz0IIebi3FkUriM=",
      "requires": {
        "colors": "1.0.3"
      }
    },
    "colors": {
      "version": "1.0.3",
      "resolved": "https://registry.npmjs.org/colors/-/colors-1.0.3.tgz",
      "integrity": "sha1-BDP0TYCWgP3rYO0mDxsMJi6CpAs="
    },
    "commander": {
      "version": "3.0.0",
      "resolved": "https://registry.npmjs.org/commander/-/commander-3.0.0.tgz",
      "integrity": "sha512-pl3QrGOBa9RZaslQiqnnKX2J068wcQw7j9AIaBQ9/JEp5RY6je4jKTImg0Bd+rpoONSe7GUFSgkxLeo17m3Pow=="
    },
    "date-fns": {
      "version": "2.0.1",
      "resolved": "https://registry.npmjs.org/date-fns/-/date-fns-2.0.1.tgz",
      "integrity": "sha512-C14oTzTZy8DH1Eq8N78owrCWvf3+cnJw88BTK/N3DYWVxDJuJzPaNdplzYxDYuuXXGvqBcO4Vy5SOrwAooXSWw=="
    },
    "fn-args": {
      "version": "5.0.0",
      "resolved": "https://registry.npmjs.org/fn-args/-/fn-args-5.0.0.tgz",
      "integrity": "sha512-CtbfI3oFFc3nbdIoHycrfbrxiGgxXBXXuyOl49h47JawM1mYrqpiRqnH5CB2mBatdXvHHOUO6a+RiAuuvKt0lw=="
    },
    "fs-extra": {
      "version": "8.1.0",
      "resolved": "https://registry.npmjs.org/fs-extra/-/fs-extra-8.1.0.tgz",
      "integrity": "sha512-yhlQgA6mnOJUKOsRUFsgJdQCvkKhcz8tlZG5HBQfReYZy46OwLcY+Zia0mtdHsOo9y/hP+CxMN0TU9QxoOtG4g==",
      "requires": {
        "graceful-fs": "^4.2.0",
        "jsonfile": "^4.0.0",
        "universalify": "^0.1.0"
      }
    },
    "graceful-fs": {
      "version": "4.2.2",
      "resolved": "https://registry.npmjs.org/graceful-fs/-/graceful-fs-4.2.2.tgz",
      "integrity": "sha512-IItsdsea19BoLC7ELy13q1iJFNmd7ofZH5+X/pJr90/nRoPEX0DJo1dHDbgtYWOhJhcCgMDTOw84RZ72q6lB+Q=="
    },
    "jsonfile": {
      "version": "4.0.0",
      "resolved": "https://registry.npmjs.org/jsonfile/-/jsonfile-4.0.0.tgz",
      "integrity": "sha1-h3Gq4HmbZAdrdmQPygWPnBDjPss=",
      "requires": {
        "graceful-fs": "^4.1.6"
      }
    },
    "lodash": {
      "version": "4.17.15",
      "resolved": "https://registry.npmjs.org/lodash/-/lodash-4.17.15.tgz",
      "integrity": "sha512-8xOcRHvCjnocdS5cpwXQXVzmmh5e5+saE2QGoeQmbKmRS6J3VQppPOIt0MnmE+4xlZoumy0GPG0D0MVIQbNA1A=="
    },
    "migrate-mongo": {
      "version": "6.0.2",
      "resolved": "https://registry.npmjs.org/migrate-mongo/-/migrate-mongo-6.0.2.tgz",
      "integrity": "sha512-NeFYjLcvvxOPxV0twyLMpyrnWhdp6b+UCul2YGVX+p8xKh1fwbGcEnm9iJaDK7p18hYJXKziDA5yp1tf3Fn32g==",
      "requires": {
        "cli-table": "0.3.1",
        "commander": "3.0.0",
        "date-fns": "2.0.1",
        "fn-args": "5.0.0",
        "fs-extra": "8.1.0",
        "lodash": "4.17.15",
        "mongodb": "3.3.1",
        "p-each-series": "2.1.0"
      }
    },
    "mongodb": {
      "version": "3.3.1",
      "resolved": "https://registry.npmjs.org/mongodb/-/mongodb-3.3.1.tgz",
      "integrity": "sha512-Q92LLlPUTBj/Z4DyeznwPJjvgOYUcxZsBfek3Ba9mVhzH41n70vSubo+BmemI98kOefHTSncrTyb3OaxdLSgDw==",
      "requires": {
        "bson": "^1.1.1",
        "require_optional": "^1.0.1",
        "safe-buffer": "^5.1.2"
      }
    },
    "p-each-series": {
      "version": "2.1.0",
      "resolved": "https://registry.npmjs.org/p-each-series/-/p-each-series-2.1.0.tgz",
      "integrity": "sha512-ZuRs1miPT4HrjFa+9fRfOFXxGJfORgelKV9f9nNOWw2gl6gVsRaVDOQP0+MI0G0wGKns1Yacsu0GjOFbTK0JFQ=="
    },
    "require_optional": {
      "version": "1.0.1",
      "resolved": "https://registry.npmjs.org/require_optional/-/require_optional-1.0.1.tgz",
      "integrity": "sha512-qhM/y57enGWHAe3v/NcwML6a3/vfESLe/sGM2dII+gEO0BpKRUkWZow/tyloNqJyN6kXSl3RyyM8Ll5D/sJP8g==",
      "requires": {
        "resolve-from": "^2.0.0",
        "semver": "^5.1.0"
      }
    },
    "resolve-from": {
      "version": "2.0.0",
      "resolved": "https://registry.npmjs.org/resolve-from/-/resolve-from-2.0.0.tgz",
      "integrity": "sha1-lICrIOlP+h2egKgEx+oUdhGWa1c="
    },
    "safe-buffer": {
      "version": "5.2.0",
      "resolved": "https://registry.npmjs.org/safe-buffer/-/safe-buffer-5.2.0.tgz",
      "integrity": "sha512-fZEwUGbVl7kouZs1jCdMLdt95hdIv0ZeHg6L7qPeciMZhZ+/gdesW4wgTARkrFWEpspjEATAzUGPG8N2jJiwbg=="
    },
    "semver": {
      "version": "5.7.1",
      "resolved": "https://registry.npmjs.org/semver/-/semver-5.7.1.tgz",
      "integrity": "sha512-sauaDf/PZdVgrLTNYHRtpXa1iRiKcaebiKQ1BJdpQlWH2lCvexQdX55snPFyK7QzpudqbCI0qXFfOasHdyNDGQ=="
    },
    "universalify": {
      "version": "0.1.2",
      "resolved": "https://registry.npmjs.org/universalify/-/universalify-0.1.2.tgz",
      "integrity": "sha512-rBJeI5CXAlmy1pV+617WB9J63U6XcazHHF2f2dbJix4XzpUF0RS3Zbj0FGIOCAva5P/d/GBOYaACQ1w+0azUkg=="
    }
  }
}
